// !$*UTF8*$!
{
	archiveVersion = 1;
	classes = {
	};
	objectVersion = 46;
	objects = {

/* Begin PBXBuildFile section */
		BED4B47B1B16FBCF005A1ABD /* main.m in Sources */ = {isa = PBXBuildFile; fileRef = BED4B47A1B16FBCF005A1ABD /* main.m */; };
		BED4B47E1B16FBCF005A1ABD /* AppDelegate.m in Sources */ = {isa = PBXBuildFile; fileRef = BED4B47D1B16FBCF005A1ABD /* AppDelegate.m */; };
		BED4B4861B16FBCF005A1ABD /* Images.xcassets in Resources */ = {isa = PBXBuildFile; fileRef = BED4B4851B16FBCF005A1ABD /* Images.xcassets */; };
		BED4B4951B16FBCF005A1ABD /* mianTests.m in Sources */ = {isa = PBXBuildFile; fileRef = BED4B4941B16FBCF005A1ABD /* mianTests.m */; };
		BED4B4AC1B1705AE005A1ABD /* HomeViewController.m in Sources */ = {isa = PBXBuildFile; fileRef = BED4B4AA1B1705AE005A1ABD /* HomeViewController.m */; };
		BED4B4AD1B1705AE005A1ABD /* HomeViewController.xib in Resources */ = {isa = PBXBuildFile; fileRef = BED4B4AB1B1705AE005A1ABD /* HomeViewController.xib */; };
/* End PBXBuildFile section */

/* Begin PBXContainerItemProxy section */
		BED4B48F1B16FBCF005A1ABD /* PBXContainerItemProxy */ = {
			isa = PBXContainerItemProxy;
			containerPortal = BED4B46D1B16FBCF005A1ABD /* Project object */;
			proxyType = 1;
			remoteGlobalIDString = BED4B4741B16FBCF005A1ABD;
			remoteInfo = mian;
		};
/* End PBXContainerItemProxy section */

/* Begin PBXFileReference section */
		BED4B4751B16FBCF005A1ABD /* mian.app */ = {isa = PBXFileReference; explicitFileType = wrapper.application; includeInIndex = 0; path = mian.app; sourceTree = BUILT_PRODUCTS_DIR; };
		BED4B4791B16FBCF005A1ABD /* Info.plist */ = {isa = PBXFileReference; lastKnownFileType = text.plist.xml; path = Info.plist; sourceTree = "<group>"; };
		BED4B47A1B16FBCF005A1ABD /* main.m */ = {isa = PBXFileReference; lastKnownFileType = sourcecode.c.objc; path = main.m; sourceTree = "<group>"; };
		BED4B47C1B16FBCF005A1ABD /* AppDelegate.h */ = {isa = PBXFileReference; lastKnownFileType = sourcecode.c.h; path = AppDelegate.h; sourceTree = "<group>"; };
		BED4B47D1B16FBCF005A1ABD /* AppDelegate.m */ = {isa = PBXFileReference; lastKnownFileType = sourcecode.c.objc; path = AppDelegate.m; sourceTree = "<group>"; };
		BED4B4851B16FBCF005A1ABD /* Images.xcassets */ = {isa = PBXFileReference; lastKnownFileType = folder.assetcatalog; path = Images.xcassets; sourceTree = "<group>"; };
		BED4B48E1B16FBCF005A1ABD /* mianTests.xctest */ = {isa = PBXFileReference; explicitFileType = wrapper.cfbundle; includeInIndex = 0; path = mianTests.xctest; sourceTree = BUILT_PRODUCTS_DIR; };
		BED4B4931B16FBCF005A1ABD /* Info.plist */ = {isa = PBXFileReference; lastKnownFileType = text.plist.xml; path = Info.plist; sourceTree = "<group>"; };
		BED4B4941B16FBCF005A1ABD /* mianTests.m */ = {isa = PBXFileReference; lastKnownFileType = sourcecode.c.objc; path = mianTests.m; sourceTree = "<group>"; };
		BED4B4A91B1705AE005A1ABD /* HomeViewController.h */ = {isa = PBXFileReference; fileEncoding = 4; lastKnownFileType = sourcecode.c.h; path = HomeViewController.h; sourceTree = "<group>"; };
		BED4B4AA1B1705AE005A1ABD /* HomeViewController.m */ = {isa = PBXFileReference; fileEncoding = 4; lastKnownFileType = sourcecode.c.objc; path = HomeViewController.m; sourceTree = "<group>"; };
		BED4B4AB1B1705AE005A1ABD /* HomeViewController.xib */ = {isa = PBXFileReference; fileEncoding = 4; lastKnownFileType = file.xib; path = HomeViewController.xib; sourceTree = "<group>"; };
/* End PBXFileReference section */

/* Begin PBXFrameworksBuildPhase section */
		BED4B4721B16FBCF005A1ABD /* Frameworks */ = {
			isa = PBXFrameworksBuildPhase;
			buildActionMask = 2147483647;
			files = (
			);
			runOnlyForDeploymentPostprocessing = 0;
		};
		BED4B48B1B16FBCF005A1ABD /* Frameworks */ = {
			isa = PBXFrameworksBuildPhase;
			buildActionMask = 2147483647;
			files = (
			);
			runOnlyForDeploymentPostprocessing = 0;
		};
/* End PBXFrameworksBuildPhase section */

/* Begin PBXGroup section */
		BED4B46C1B16FBCF005A1ABD = {
			isa = PBXGroup;
			children = (
				BED4B4771B16FBCF005A1ABD /* mian */,
				BED4B4911B16FBCF005A1ABD /* mianTests */,
				BED4B4761B16FBCF005A1ABD /* Products */,
			);
			sourceTree = "<group>";
		};
		BED4B4761B16FBCF005A1ABD /* Products */ = {
			isa = PBXGroup;
			children = (
				BED4B4751B16FBCF005A1ABD /* mian.app */,
				BED4B48E1B16FBCF005A1ABD /* mianTests.xctest */,
			);
			name = Products;
			sourceTree = "<group>";
		};
		BED4B4771B16FBCF005A1ABD /* mian */ = {
			isa = PBXGroup;
			children = (
				BED4B47C1B16FBCF005A1ABD /* AppDelegate.h */,
				BED4B47D1B16FBCF005A1ABD /* AppDelegate.m */,
				BED4B4851B16FBCF005A1ABD /* Images.xcassets */,
				BED4B4781B16FBCF005A1ABD /* Supporting Files */,
				BED4B4A91B1705AE005A1ABD /* HomeViewController.h */,
				BED4B4AA1B1705AE005A1ABD /* HomeViewController.m */,
				BED4B4AB1B1705AE005A1ABD /* HomeViewController.xib */,
			);
			path = mian;
			sourceTree = "<group>";
		};
		BED4B4781B16FBCF005A1ABD /* Supporting Files */ = {
			isa = PBXGroup;
			children = (
				BED4B4791B16FBCF005A1ABD /* Info.plist */,
				BED4B47A1B16FBCF005A1ABD /* main.m */,
			);
			name = "Supporting Files";
			sourceTree = "<group>";
		};
		BED4B4911B16FBCF005A1ABD /* mianTests */ = {
			isa = PBXGroup;
			children = (
				BED4B4941B16FBCF005A1ABD /* mianTests.m */,
				BED4B4921B16FBCF005A1ABD /* Supporting Files */,
			);
			path = mianTests;
			sourceTree = "<group>";
		};
		BED4B4921B16FBCF005A1ABD /* Supporting Files */ = {
			isa = PBXGroup;
			children = (
				BED4B4931B16FBCF005A1ABD /* Info.plist */,
			);
			name = "Supporting Files";
			sourceTree = "<group>";
		};
/* End PBXGroup section */

/* Begin PBXNativeTarget section */
		BED4B4741B16FBCF005A1ABD /* mian */ = {
			isa = PBXNativeTarget;
			buildConfigurationList = BED4B4981B16FBCF005A1ABD /* Build configuration list for PBXNativeTarget "mian" */;
			buildPhases = (
				BED4B4711B16FBCF005A1ABD /* Sources */,
				BED4B4721B16FBCF005A1ABD /* Frameworks */,
				BED4B4731B16FBCF005A1ABD /* Resources */,
			);
			buildRules = (
			);
			dependencies = (
			);
			name = mian;
			productName = mian;
			productReference = BED4B4751B16FBCF005A1ABD /* mian.app */;
			productType = "com.apple.product-type.application";
		};
		BED4B48D1B16FBCF005A1ABD /* mianTests */ = {
			isa = PBXNativeTarget;
			buildConfigurationList = BED4B49B1B16FBCF005A1ABD /* Build configuration list for PBXNativeTarget "mianTests" */;
			buildPhases = (
				BED4B48A1B16FBCF005A1ABD /* Sources */,
				BED4B48B1B16FBCF005A1ABD /* Frameworks */,
				BED4B48C1B16FBCF005A1ABD /* Resources */,
			);
			buildRules = (
			);
			dependencies = (
				BED4B4901B16FBCF005A1ABD /* PBXTargetDependency */,
			);
			name = mianTests;
			productName = mianTests;
			productReference = BED4B48E1B16FBCF005A1ABD /* mianTests.xctest */;
			productType = "com.apple.product-type.bundle.unit-test";
		};
/* End PBXNativeTarget section */

/* Begin PBXProject section */
		BED4B46D1B16FBCF005A1ABD /* Project object */ = {
			isa = PBXProject;
			attributes = {
				LastUpgradeCheck = 0630;
				ORGANIZATIONNAME = wc;
				TargetAttributes = {
					BED4B4741B16FBCF005A1ABD = {
						CreatedOnToolsVersion = 6.3;
					};
					BED4B48D1B16FBCF005A1ABD = {
						CreatedOnToolsVersion = 6.3;
						TestTargetID = BED4B4741B16FBCF005A1ABD;
					};
				};
			};
			buildConfigurationList = BED4B4701B16FBCF005A1ABD /* Build configuration list for PBXProject "mian" */;
			compatibilityVersion = "Xcode 3.2";
			developmentRegion = English;
			hasScannedForEncodings = 0;
			knownRegions = (
				en,
				Base,
			);
			mainGroup = BED4B46C1B16FBCF005A1ABD;
			productRefGroup = BED4B4761B16FBCF005A1ABD /* Products */;
			projectDirPath = "";
			projectRoot = "";
			targets = (
				BED4B4741B16FBCF005A1ABD /* mian */,
				BED4B48D1B16FBCF005A1ABD /* mianTests */,
			);
		};
/* End PBXProject section */

/* Begin PBXResourcesBuildPhase section */
		BED4B4731B16FBCF005A1ABD /* Resources */ = {
			isa = PBXResourcesBuildPhase;
			buildActionMask = 2147483647;
			files = (
				BED4B4AD1B1705AE005A1ABD /* HomeViewController.xib in Resources */,
				BED4B4861B16FBCF005A1ABD /* Images.xcassets in Resources */,
			);
			runOnlyForDeploymentPostprocessing = 0;
		};
		BED4B48C1B16FBCF005A1ABD /* Resources */ = {
			isa = PBXResourcesBuildPhase;
			buildActionMask = 2147483647;
			files = (
			);
			runOnlyForDeploymentPostprocessing = 0;
		};
/* End PBXResourcesBuildPhase section */

/* Begin PBXSourcesBuildPhase section */
		BED4B4711B16FBCF005A1ABD /* Sources */ = {
			isa = PBXSourcesBuildPhase;
			buildActionMask = 2147483647;
			files = (
				BED4B47E1B16FBCF005A1ABD /* AppDelegate.m in Sources */,
				BED4B47B1B16FBCF005A1ABD /* main.m in Sources */,
				BED4B4AC1B1705AE005A1ABD /* HomeViewController.m in Sources */,
			);
			runOnlyForDeploymentPostprocessing = 0;
		};
		BED4B48A1B16FBCF005A1ABD /* Sources */ = {
			isa = PBXSourcesBuildPhase;
			buildActionMask = 2147483647;
			files = (
				BED4B4951B16FBCF005A1ABD /* mianTests.m in Sources */,
			);
			runOnlyForDeploymentPostprocessing = 0;
		};
/* End PBXSourcesBuildPhase section */

/* Begin PBXTargetDependency section */
		BED4B4901B16FBCF005A1ABD /* PBXTargetDependency */ = {
			isa = PBXTargetDependency;
			target = BED4B4741B16FBCF005A1ABD /* mian */;
			targetProxy = BED4B48F1B16FBCF005A1ABD /* PBXContainerItemProxy */;
		};
/* End PBXTargetDependency section */

/* Begin XCBuildConfiguration section */
		BED4B4961B16FBCF005A1ABD /* Debug */ = {
			isa = XCBuildConfiguration;
			buildSettings = {
				ALWAYS_SEARCH_USER_PATHS = NO;
				CLANG_CXX_LANGUAGE_STANDARD = "gnu++0x";
				CLANG_CXX_LIBRARY = "libc++";
				CLANG_ENABLE_MODULES = YES;
				CLANG_ENABLE_OBJC_ARC = YES;
				CLANG_WARN_BOOL_CONVERSION = YES;
				CLANG_WARN_CONSTANT_CONVERSION = YES;
				CLANG_WARN_DIRECT_OBJC_ISA_USAGE = YES_ERROR;
				CLANG_WARN_EMPTY_BODY = YES;
				CLANG_WARN_ENUM_CONVERSION = YES;
				CLANG_WARN_INT_CONVERSION = YES;
				CLANG_WARN_OBJC_ROOT_CLASS = YES_ERROR;
				CLANG_WARN_UNREACHABLE_CODE = YES;
				CLANG_WARN__DUPLICATE_METHOD_MATCH = YES;
				"CODE_SIGN_IDENTITY[sdk=iphoneos*]" = "iPhone Developer";
				COPY_PHASE_STRIP = NO;
				DEBUG_INFORMATION_FORMAT = "dwarf-with-dsym";
				ENABLE_STRICT_OBJC_MSGSEND = YES;
				GCC_C_LANGUAGE_STANDARD = gnu99;
				GCC_DYNAMIC_NO_PIC = NO;
				GCC_NO_COMMON_BLOCKS = YES;
				GCC_OPTIMIZATION_LEVEL = 0;
				GCC_PREPROCESSOR_DEFINITIONS = (
					"DEBUG=1",
					"$(inherited)",
				);
				GCC_SYMBOLS_PRIVATE_EXTERN = NO;
				GCC_WARN_64_TO_32_BIT_CONVERSION = YES;
				GCC_WARN_ABOUT_RETURN_TYPE = YES_ERROR;
				GCC_WARN_UNDECLARED_SELECTOR = YES;
				GCC_WARN_UNINITIALIZED_AUTOS = YES_AGGRESSIVE;
				GCC_WARN_UNUSED_FUNCTION = YES;
				GCC_WARN_UNUSED_VARIABLE = YES;
				IPHONEOS_DEPLOYMENT_TARGET = 8.3;
				MTL_ENABLE_DEBUG_INFO = YES;
				ONLY_ACTIVE_ARCH = YES;
				SDKROOT = iphoneos;
			};
			name = Debug;
		};
		BED4B4971B16FBCF005A1ABD /* Release */ = {
			isa = XCBuildConfiguration;
			buildSettings = {
				ALWAYS_SEARCH_USER_PATHS = NO;
				CLANG_CXX_LANGUAGE_STANDARD = "gnu++0x";
				CLANG_CXX_LIBRARY = "libc++";
				CLANG_ENABLE_MODULES = YES;
				CLANG_ENABLE_OBJC_ARC = YES;
				CLANG_WARN_BOOL_CONVERSION = YES;
				CLANG_WARN_CONSTANT_CONVERSION = YES;
				CLANG_WARN_DIRECT_OBJC_ISA_USAGE = YES_ERROR;
				CLANG_WARN_EMPTY_BODY = YES;
				CLANG_WARN_ENUM_CONVERSION = YES;
				CLANG_WARN_INT_CONVERSION = YES;
				CLANG_WARN_OBJC_ROOT_CLASS = YES_ERROR;
				CLANG_WARN_UNREACHABLE_CODE = YES;
				CLANG_WARN__DUPLICATE_METHOD_MATCH = YES;
				"CODE_SIGN_IDENTITY[sdk=iphoneos*]" = "iPhone Developer";
				COPY_PHASE_STRIP = NO;
				DEBUG_INFORMATION_FORMAT = "dwarf-with-dsym";
				ENABLE_NS_ASSERTIONS = NO;
				ENABLE_STRICT_OBJC_MSGSEND = YES;
				GCC_C_LANGUAGE_STANDARD = gnu99;
				GCC_NO_COMMON_BLOCKS = YES;
				GCC_WARN_64_TO_32_BIT_CONVERSION = YES;
				GCC_WARN_ABOUT_RETURN_TYPE = YES_ERROR;
				GCC_WARN_UNDECLARED_SELECTOR = YES;
				GCC_WARN_UNINITIALIZED_AUTOS = YES_AGGRESSIVE;
				GCC_WARN_UNUSED_FUNCTION = YES;
				GCC_WARN_UNUSED_VARIABLE = YES;
				IPHONEOS_DEPLOYMENT_TARGET = 8.3;
				MTL_ENABLE_DEBUG_INFO = NO;
				SDKROOT = iphoneos;
				VALIDATE_PRODUCT = YES;
			};
			name = Release;
		};
		BED4B4991B16FBCF005A1ABD /* Debug */ = {
			isa = XCBuildConfiguration;
			buildSettings = {
				ASSETCATALOG_COMPILER_APPICON_NAME = AppIcon;
				INFOPLIST_FILE = mian/Info.plist;
				IPHONEOS_DEPLOYMENT_TARGET = 6.0;
				LD_RUNPATH_SEARCH_PATHS = "$(inherited) @executable_path/Frameworks";
				PRODUCT_NAME = "$(TARGET_NAME)";
			};
			name = Debug;
		};
		BED4B49A1B16FBCF005A1ABD /* Release */ = {
			isa = XCBuildConfiguration;
			buildSettings = {
				ASSETCATALOG_COMPILER_APPICON_NAME = AppIcon;
				INFOPLIST_FILE = mian/Info.plist;
				IPHONEOS_DEPLOYMENT_TARGET = 6.0;
				LD_RUNPATH_SEARCH_PATHS = "$(inherited) @executable_path/Frameworks";
				PRODUCT_NAME = "$(TARGET_NAME)";
			};
			name = Release;
		};
		BED4B49C1B16FBCF005A1ABD /* Debug */ = {
			isa = XCBuildConfiguration;
			buildSettings = {
				BUNDLE_LOADER = "$(TEST_HOST)";
				FRAMEWORK_SEARCH_PATHS = (
					"$(SDKROOT)/Developer/Library/Frameworks",
					"$(inherited)",
				);
				GCC_PREPROCESSOR_DEFINITIONS = (
					"DEBUG=1",
					"$(inherited)",
				);
				INFOPLIST_FILE = mianTests/Info.plist;
				LD_RUNPATH_SEARCH_PATHS = "$(inherited) @executable_path/Frameworks @loader_path/Frameworks";
				PRODUCT_NAME = "$(TARGET_NAME)";
				TEST_HOST = "$(BUILT_PRODUCTS_DIR)/mian.app/mian";
			};
			name = Debug;
		};
		BED4B49D1B16FBCF005A1ABD /* Release */ = {
			isa = XCBuildConfiguration;
			buildSettings = {
				BUNDLE_LOADER = "$(TEST_HOST)";
				FRAMEWORK_SEARCH_PATHS = (
					"$(SDKROOT)/Developer/Library/Frameworks",
					"$(inherited)",
				);
				INFOPLIST_FILE = mianTests/Info.plist;
				LD_RUNPATH_SEARCH_PATHS = "$(inherited) @executable_path/Frameworks @loader_path/Frameworks";
				PRODUCT_NAME = "$(TARGET_NAME)";
				TEST_HOST = "$(BUILT_PRODUCTS_DIR)/mian.app/mian";
			};
			name = Release;
		};
/* End XCBuildConfiguration section */

/* Begin XCConfigurationList section */
		BED4B4701B16FBCF005A1ABD /* Build configuration list for PBXProject "mian" */ = {
			isa = XCConfigurationList;
			buildConfigurations = (
				BED4B4961B16FBCF005A1ABD /* Debug */,
				BED4B4971B16FBCF005A1ABD /* Release */,
			);
			defaultConfigurationIsVisible = 0;
			defaultConfigurationName = Release;
		};
		BED4B4981B16FBCF005A1ABD /* Build configuration list for PBXNativeTarget "mian" */ = {
			isa = XCConfigurationList;
			buildConfigurations = (
				BED4B4991B16FBCF005A1ABD /* Debug */,
				BED4B49A1B16FBCF005A1ABD /* Release */,
			);
			defaultConfigurationIsVisible = 0;
			defaultConfigurationName = Release;
		};
		BED4B49B1B16FBCF005A1ABD /* Build configuration list for PBXNativeTarget "mianTests" */ = {
			isa = XCConfigurationList;
			buildConfigurations = (
				BED4B49C1B16FBCF005A1ABD /* Debug */,
				BED4B49D1B16FBCF005A1ABD /* Release */,
			);
			defaultConfigurationIsVisible = 0;
			defaultConfigurationName = Release;
		};
/* End XCConfigurationList section */
	};
	rootObject = BED4B46D1B16FBCF005A1ABD /* Project object */;
}
